
Microsoft Visual Studio Solution File, Format Version 12.00
# Visual Studio Version 17
VisualStudioVersion = 17.3.32804.467
MinimumVisualStudioVersion = 10.0.40219.1
Project("{9A19103F-16F7-4668-BE54-9A1E7A4F7556}") = "DSoft.XamarinForms.Controls", "DSoft.XamarinForms.Controls\DSoft.XamarinForms.Controls.csproj", "{D8F76ADD-4EA8-49C5-8E7B-6551C87C5C3D}"
EndProject
Project("{FAE04EC0-301F-11D3-BF4B-00C04F79EFBC}") = "ControlsSample.UWP", "ControlsSample\ControlsSample.UWP\ControlsSample.UWP.csproj", "{765E4F40-482A-4806-A07C-2E1DF3BFE8E9}"
EndProject
Project("{FAE04EC0-301F-11D3-BF4B-00C04F79EFBC}") = "ControlsSample.Android", "ControlsSample\ControlsSample.Android\ControlsSample.Android.csproj", "{942BC2F6-07D4-4C4C-91F2-6881A8396140}"
EndProject
Project("{FAE04EC0-301F-11D3-BF4B-00C04F79EFBC}") = "ControlsSample.iOS", "ControlsSample\ControlsSample.iOS\ControlsSample.iOS.csproj", "{2BB9366C-AC08-4612-8ABA-4B9EFF255F6D}"
EndProject
Project("{9A19103F-16F7-4668-BE54-9A1E7A4F7556}") = "ControlsSample", "ControlsSample\ControlsSample\ControlsSample.csproj", "{D8F9F194-50F1-48C7-8734-984A1904379B}"
EndProject
Project("{FAE04EC0-301F-11D3-BF4B-00C04F79EFBC}") = "DSoft.Maui.Controls", "DSoft.Maui.Controls\DSoft.Maui.Controls.csproj", "{03AAB0DD-0A7D-4BD2-93AB-A4F513A3F562}"
EndProject
Global
	GlobalSection(SolutionConfigurationPlatforms) = preSolution
		Debug|Any CPU = Debug|Any CPU
		Debug|ARM = Debug|ARM
		Debug|iPhone = Debug|iPhone
		Debug|iPhoneSimulator = Debug|iPhoneSimulator
		Debug|x64 = Debug|x64
		Debug|x86 = Debug|x86
		Release|Any CPU = Release|Any CPU
		Release|ARM = Release|ARM
		Release|iPhone = Release|iPhone
		Release|iPhoneSimulator = Release|iPhoneSimulator
		Release|x64 = Release|x64
		Release|x86 = Release|x86
	EndGlobalSection
	GlobalSection(ProjectConfigurationPlatforms) = postSolution
		{D8F76ADD-4EA8-49C5-8E7B-6551C87C5C3D}.Debug|Any CPU.ActiveCfg = Debug|Any CPU
		{D8F76ADD-4EA8-49C5-8E7B-6551C87C5C3D}.Debug|Any CPU.Build.0 = Debug|Any CPU
		{D8F76ADD-4EA8-49C5-8E7B-6551C87C5C3D}.Debug|ARM.ActiveCfg = Debug|Any CPU
		{D8F76ADD-4EA8-49C5-8E7B-6551C87C5C3D}.Debug|ARM.Build.0 = Debug|Any CPU
		{D8F76ADD-4EA8-49C5-8E7B-6551C87C5C3D}.Debug|iPhone.ActiveCfg = Debug|Any CPU
		{D8F76ADD-4EA8-49C5-8E7B-6551C87C5C3D}.Debug|iPhone.Build.0 = Debug|Any CPU
		{D8F76ADD-4EA8-49C5-8E7B-6551C87C5C3D}.Debug|iPhoneSimulator.ActiveCfg = Debug|Any CPU
		{D8F76ADD-4EA8-49C5-8E7B-6551C87C5C3D}.Debug|iPhoneSimulator.Build.0 = Debug|Any CPU
		{D8F76ADD-4EA8-49C5-8E7B-6551C87C5C3D}.Debug|x64.ActiveCfg = Debug|x64
		{D8F76ADD-4EA8-49C5-8E7B-6551C87C5C3D}.Debug|x64.Build.0 = Debug|x64
		{D8F76ADD-4EA8-49C5-8E7B-6551C87C5C3D}.Debug|x86.ActiveCfg = Debug|Any CPU
		{D8F76ADD-4EA8-49C5-8E7B-6551C87C5C3D}.Debug|x86.Build.0 = Debug|Any CPU
		{D8F76ADD-4EA8-49C5-8E7B-6551C87C5C3D}.Release|Any CPU.ActiveCfg = Release|Any CPU
		{D8F76ADD-4EA8-49C5-8E7B-6551C87C5C3D}.Release|Any CPU.Build.0 = Release|Any CPU
		{D8F76ADD-4EA8-49C5-8E7B-6551C87C5C3D}.Release|ARM.ActiveCfg = Release|Any CPU
		{D8F76ADD-4EA8-49C5-8E7B-6551C87C5C3D}.Release|ARM.Build.0 = Release|Any CPU
		{D8F76ADD-4EA8-49C5-8E7B-6551C87C5C3D}.Release|iPhone.ActiveCfg = Release|Any CPU
		{D8F76ADD-4EA8-49C5-8E7B-6551C87C5C3D}.Release|iPhone.Build.0 = Release|Any CPU
		{D8F76ADD-4EA8-49C5-8E7B-6551C87C5C3D}.Release|iPhoneSimulator.ActiveCfg = Release|Any CPU
		{D8F76ADD-4EA8-49C5-8E7B-6551C87C5C3D}.Release|iPhoneSimulator.Build.0 = Release|Any CPU
		{D8F76ADD-4EA8-49C5-8E7B-6551C87C5C3D}.Release|x64.ActiveCfg = Release|x64
		{D8F76ADD-4EA8-49C5-8E7B-6551C87C5C3D}.Release|x64.Build.0 = Release|x64
		{D8F76ADD-4EA8-49C5-8E7B-6551C87C5C3D}.Release|x86.ActiveCfg = Release|Any CPU
		{D8F76ADD-4EA8-49C5-8E7B-6551C87C5C3D}.Release|x86.Build.0 = Release|Any CPU
		{765E4F40-482A-4806-A07C-2E1DF3BFE8E9}.Debug|Any CPU.ActiveCfg = Debug|x86
		{765E4F40-482A-4806-A07C-2E1DF3BFE8E9}.Debug|ARM.ActiveCfg = Debug|ARM
		{765E4F40-482A-4806-A07C-2E1DF3BFE8E9}.Debug|ARM.Build.0 = Debug|ARM
		{765E4F40-482A-4806-A07C-2E1DF3BFE8E9}.Debug|ARM.Deploy.0 = Debug|ARM
		{765E4F40-482A-4806-A07C-2E1DF3BFE8E9}.Debug|iPhone.ActiveCfg = Debug|x86
		{765E4F40-482A-4806-A07C-2E1DF3BFE8E9}.Debug|iPhoneSimulator.ActiveCfg = Debug|x86
		{765E4F40-482A-4806-A07C-2E1DF3BFE8E9}.Debug|x64.ActiveCfg = Debug|x64
		{765E4F40-482A-4806-A07C-2E1DF3BFE8E9}.Debug|x64.Build.0 = Debug|x64
		{765E4F40-482A-4806-A07C-2E1DF3BFE8E9}.Debug|x64.Deploy.0 = Debug|x64
		{765E4F40-482A-4806-A07C-2E1DF3BFE8E9}.Debug|x86.ActiveCfg = Debug|x86
		{765E4F40-482A-4806-A07C-2E1DF3BFE8E9}.Debug|x86.Build.0 = Debug|x86
		{765E4F40-482A-4806-A07C-2E1DF3BFE8E9}.Debug|x86.Deploy.0 = Debug|x86
		{765E4F40-482A-4806-A07C-2E1DF3BFE8E9}.Release|Any CPU.ActiveCfg = Release|x86
		{765E4F40-482A-4806-A07C-2E1DF3BFE8E9}.Release|ARM.ActiveCfg = Release|ARM
		{765E4F40-482A-4806-A07C-2E1DF3BFE8E9}.Release|ARM.Build.0 = Release|ARM
		{765E4F40-482A-4806-A07C-2E1DF3BFE8E9}.Release|ARM.Deploy.0 = Release|ARM
		{765E4F40-482A-4806-A07C-2E1DF3BFE8E9}.Release|iPhone.ActiveCfg = Release|x86
		{765E4F40-482A-4806-A07C-2E1DF3BFE8E9}.Release|iPhoneSimulator.ActiveCfg = Release|x86
		{765E4F40-482A-4806-A07C-2E1DF3BFE8E9}.Release|x64.ActiveCfg = Release|x64
		{765E4F40-482A-4806-A07C-2E1DF3BFE8E9}.Release|x64.Build.0 = Release|x64
		{765E4F40-482A-4806-A07C-2E1DF3BFE8E9}.Release|x64.Deploy.0 = Release|x64
		{765E4F40-482A-4806-A07C-2E1DF3BFE8E9}.Release|x86.ActiveCfg = Release|x86
		{765E4F40-482A-4806-A07C-2E1DF3BFE8E9}.Release|x86.Build.0 = Release|x86
		{765E4F40-482A-4806-A07C-2E1DF3BFE8E9}.Release|x86.Deploy.0 = Release|x86
		{942BC2F6-07D4-4C4C-91F2-6881A8396140}.Debug|Any CPU.ActiveCfg = Debug|Any CPU
		{942BC2F6-07D4-4C4C-91F2-6881A8396140}.Debug|Any CPU.Build.0 = Debug|Any CPU
		{942BC2F6-07D4-4C4C-91F2-6881A8396140}.Debug|Any CPU.Deploy.0 = Debug|Any CPU
		{942BC2F6-07D4-4C4C-91F2-6881A8396140}.Debug|ARM.ActiveCfg = Debug|Any CPU
		{942BC2F6-07D4-4C4C-91F2-6881A8396140}.Debug|ARM.Build.0 = Debug|Any CPU
		{942BC2F6-07D4-4C4C-91F2-6881A8396140}.Debug|ARM.Deploy.0 = Debug|Any CPU
		{942BC2F6-07D4-4C4C-91F2-6881A8396140}.Debug|iPhone.ActiveCfg = Debug|Any CPU
		{942BC2F6-07D4-4C4C-91F2-6881A8396140}.Debug|iPhone.Build.0 = Debug|Any CPU
		{942BC2F6-07D4-4C4C-91F2-6881A8396140}.Debug|iPhone.Deploy.0 = Debug|Any CPU
		{942BC2F6-07D4-4C4C-91F2-6881A8396140}.Debug|iPhoneSimulator.ActiveCfg = Debug|Any CPU
		{942BC2F6-07D4-4C4C-91F2-6881A8396140}.Debug|iPhoneSimulator.Build.0 = Debug|Any CPU
		{942BC2F6-07D4-4C4C-91F2-6881A8396140}.Debug|iPhoneSimulator.Deploy.0 = Debug|Any CPU
		{942BC2F6-07D4-4C4C-91F2-6881A8396140}.Debug|x64.ActiveCfg = Debug|Any CPU
		{942BC2F6-07D4-4C4C-91F2-6881A8396140}.Debug|x64.Build.0 = Debug|Any CPU
		{942BC2F6-07D4-4C4C-91F2-6881A8396140}.Debug|x64.Deploy.0 = Debug|Any CPU
		{942BC2F6-07D4-4C4C-91F2-6881A8396140}.Debug|x86.ActiveCfg = Debug|Any CPU
		{942BC2F6-07D4-4C4C-91F2-6881A8396140}.Debug|x86.Build.0 = Debug|Any CPU
		{942BC2F6-07D4-4C4C-91F2-6881A8396140}.Debug|x86.Deploy.0 = Debug|Any CPU
		{942BC2F6-07D4-4C4C-91F2-6881A8396140}.Release|Any CPU.ActiveCfg = Release|Any CPU
		{942BC2F6-07D4-4C4C-91F2-6881A8396140}.Release|Any CPU.Build.0 = Release|Any CPU
		{942BC2F6-07D4-4C4C-91F2-6881A8396140}.Release|Any CPU.Deploy.0 = Release|Any CPU
		{942BC2F6-07D4-4C4C-91F2-6881A8396140}.Release|ARM.ActiveCfg = Release|Any CPU
		{942BC2F6-07D4-4C4C-91F2-6881A8396140}.Release|ARM.Build.0 = Release|Any CPU
		{942BC2F6-07D4-4C4C-91F2-6881A8396140}.Release|ARM.Deploy.0 = Release|Any CPU
		{942BC2F6-07D4-4C4C-91F2-6881A8396140}.Release|iPhone.ActiveCfg = Release|Any CPU
		{942BC2F6-07D4-4C4C-91F2-6881A8396140}.Release|iPhone.Build.0 = Release|Any CPU
		{942BC2F6-07D4-4C4C-91F2-6881A8396140}.Release|iPhone.Deploy.0 = Release|Any CPU
		{942BC2F6-07D4-4C4C-91F2-6881A8396140}.Release|iPhoneSimulator.ActiveCfg = Release|Any CPU
		{942BC2F6-07D4-4C4C-91F2-6881A8396140}.Release|iPhoneSimulator.Build.0 = Release|Any CPU
		{942BC2F6-07D4-4C4C-91F2-6881A8396140}.Release|iPhoneSimulator.Deploy.0 = Release|Any CPU
		{942BC2F6-07D4-4C4C-91F2-6881A8396140}.Release|x64.ActiveCfg = Release|Any CPU
		{942BC2F6-07D4-4C4C-91F2-6881A8396140}.Release|x64.Build.0 = Release|Any CPU
		{942BC2F6-07D4-4C4C-91F2-6881A8396140}.Release|x64.Deploy.0 = Release|Any CPU
		{942BC2F6-07D4-4C4C-91F2-6881A8396140}.Release|x86.ActiveCfg = Release|Any CPU
		{942BC2F6-07D4-4C4C-91F2-6881A8396140}.Release|x86.Build.0 = Release|Any CPU
		{942BC2F6-07D4-4C4C-91F2-6881A8396140}.Release|x86.Deploy.0 = Release|Any CPU
		{2BB9366C-AC08-4612-8ABA-4B9EFF255F6D}.Debug|Any CPU.ActiveCfg = Debug|iPhone
		{2BB9366C-AC08-4612-8ABA-4B9EFF255F6D}.Debug|ARM.ActiveCfg = Debug|iPhone
		{2BB9366C-AC08-4612-8ABA-4B9EFF255F6D}.Debug|iPhone.ActiveCfg = Debug|iPhone
		{2BB9366C-AC08-4612-8ABA-4B9EFF255F6D}.Debug|iPhone.Build.0 = Debug|iPhone
		{2BB9366C-AC08-4612-8ABA-4B9EFF255F6D}.Debug|iPhoneSimulator.ActiveCfg = Debug|iPhoneSimulator
		{2BB9366C-AC08-4612-8ABA-4B9EFF255F6D}.Debug|iPhoneSimulator.Build.0 = Debug|iPhoneSimulator
		{2BB9366C-AC08-4612-8ABA-4B9EFF255F6D}.Debug|x64.ActiveCfg = Debug|iPhone
		{2BB9366C-AC08-4612-8ABA-4B9EFF255F6D}.Debug|x86.ActiveCfg = Debug|iPhone
		{2BB9366C-AC08-4612-8ABA-4B9EFF255F6D}.Release|Any CPU.ActiveCfg = Release|iPhone
		{2BB9366C-AC08-4612-8ABA-4B9EFF255F6D}.Release|ARM.ActiveCfg = Release|iPhone
		{2BB9366C-AC08-4612-8ABA-4B9EFF255F6D}.Release|iPhone.ActiveCfg = Release|iPhone
		{2BB9366C-AC08-4612-8ABA-4B9EFF255F6D}.Release|iPhone.Build.0 = Release|iPhone
		{2BB9366C-AC08-4612-8ABA-4B9EFF255F6D}.Release|iPhoneSimulator.ActiveCfg = Release|iPhoneSimulator
		{2BB9366C-AC08-4612-8ABA-4B9EFF255F6D}.Release|iPhoneSimulator.Build.0 = Release|iPhoneSimulator
		{2BB9366C-AC08-4612-8ABA-4B9EFF255F6D}.Release|x64.ActiveCfg = Release|iPhone
		{2BB9366C-AC08-4612-8ABA-4B9EFF255F6D}.Release|x86.ActiveCfg = Release|iPhone
		{D8F9F194-50F1-48C7-8734-984A1904379B}.Debug|Any CPU.ActiveCfg = Debug|Any CPU
		{D8F9F194-50F1-48C7-8734-984A1904379B}.Debug|Any CPU.Build.0 = Debug|Any CPU
		{D8F9F194-50F1-48C7-8734-984A1904379B}.Debug|ARM.ActiveCfg = Debug|Any CPU
		{D8F9F194-50F1-48C7-8734-984A1904379B}.Debug|ARM.Build.0 = Debug|Any CPU
		{D8F9F194-50F1-48C7-8734-984A1904379B}.Debug|iPhone.ActiveCfg = Debug|Any CPU
		{D8F9F194-50F1-48C7-8734-984A1904379B}.Debug|iPhone.Build.0 = Debug|Any CPU
		{D8F9F194-50F1-48C7-8734-984A1904379B}.Debug|iPhoneSimulator.ActiveCfg = Debug|Any CPU
		{D8F9F194-50F1-48C7-8734-984A1904379B}.Debug|iPhoneSimulator.Build.0 = Debug|Any CPU
		{D8F9F194-50F1-48C7-8734-984A1904379B}.Debug|x64.ActiveCfg = Debug|Any CPU
		{D8F9F194-50F1-48C7-8734-984A1904379B}.Debug|x64.Build.0 = Debug|Any CPU
		{D8F9F194-50F1-48C7-8734-984A1904379B}.Debug|x86.ActiveCfg = Debug|Any CPU
		{D8F9F194-50F1-48C7-8734-984A1904379B}.Debug|x86.Build.0 = Debug|Any CPU
		{D8F9F194-50F1-48C7-8734-984A1904379B}.Release|Any CPU.ActiveCfg = Release|Any CPU
		{D8F9F194-50F1-48C7-8734-984A1904379B}.Release|Any CPU.Build.0 = Release|Any CPU
		{D8F9F194-50F1-48C7-8734-984A1904379B}.Release|ARM.ActiveCfg = Release|Any CPU
		{D8F9F194-50F1-48C7-8734-984A1904379B}.Release|ARM.Build.0 = Release|Any CPU
		{D8F9F194-50F1-48C7-8734-984A1904379B}.Release|iPhone.ActiveCfg = Release|Any CPU
		{D8F9F194-50F1-48C7-8734-984A1904379B}.Release|iPhone.Build.0 = Release|Any CPU
		{D8F9F194-50F1-48C7-8734-984A1904379B}.Release|iPhoneSimulator.ActiveCfg = Release|Any CPU
		{D8F9F194-50F1-48C7-8734-984A1904379B}.Release|iPhoneSimulator.Build.0 = Release|Any CPU
		{D8F9F194-50F1-48C7-8734-984A1904379B}.Release|x64.ActiveCfg = Release|Any CPU
		{D8F9F194-50F1-48C7-8734-984A1904379B}.Release|x64.Build.0 = Release|Any CPU
		{D8F9F194-50F1-48C7-8734-984A1904379B}.Release|x86.ActiveCfg = Release|Any CPU
		{D8F9F194-50F1-48C7-8734-984A1904379B}.Release|x86.Build.0 = Release|Any CPU
		{03AAB0DD-0A7D-4BD2-93AB-A4F513A3F562}.Debug|Any CPU.ActiveCfg = Debug|Any CPU
		{03AAB0DD-0A7D-4BD2-93AB-A4F513A3F562}.Debug|Any CPU.Build.0 = Debug|Any CPU
		{03AAB0DD-0A7D-4BD2-93AB-A4F513A3F562}.Debug|ARM.ActiveCfg = Debug|Any CPU
		{03AAB0DD-0A7D-4BD2-93AB-A4F513A3F562}.Debug|ARM.Build.0 = Debug|Any CPU
		{03AAB0DD-0A7D-4BD2-93AB-A4F513A3F562}.Debug|iPhone.ActiveCfg = Debug|Any CPU
		{03AAB0DD-0A7D-4BD2-93AB-A4F513A3F562}.Debug|iPhone.Build.0 = Debug|Any CPU
		{03AAB0DD-0A7D-4BD2-93AB-A4F513A3F562}.Debug|iPhoneSimulator.ActiveCfg = Debug|Any CPU
		{03AAB0DD-0A7D-4BD2-93AB-A4F513A3F562}.Debug|iPhoneSimulator.Build.0 = Debug|Any CPU
		{03AAB0DD-0A7D-4BD2-93AB-A4F513A3F562}.Debug|x64.ActiveCfg = Debug|Any CPU
		{03AAB0DD-0A7D-4BD2-93AB-A4F513A3F562}.Debug|x64.Build.0 = Debug|Any CPU
		{03AAB0DD-0A7D-4BD2-93AB-A4F513A3F562}.Debug|x86.ActiveCfg = Debug|Any CPU
		{03AAB0DD-0A7D-4BD2-93AB-A4F513A3F562}.Debug|x86.Build.0 = Debug|Any CPU
		{03AAB0DD-0A7D-4BD2-93AB-A4F513A3F562}.Release|Any CPU.ActiveCfg = Release|Any CPU
		{03AAB0DD-0A7D-4BD2-93AB-A4F513A3F562}.Release|Any CPU.Build.0 = Release|Any CPU
		{03AAB0DD-0A7D-4BD2-93AB-A4F513A3F562}.Release|ARM.ActiveCfg = Release|Any CPU
		{03AAB0DD-0A7D-4BD2-93AB-A4F513A3F562}.Release|ARM.Build.0 = Release|Any CPU
		{03AAB0DD-0A7D-4BD2-93AB-A4F513A3F562}.Release|iPhone.ActiveCfg = Release|Any CPU
		{03AAB0DD-0A7D-4BD2-93AB-A4F513A3F562}.Release|iPhone.Build.0 = Release|Any CPU
		{03AAB0DD-0A7D-4BD2-93AB-A4F513A3F562}.Release|iPhoneSimulator.ActiveCfg = Release|Any CPU
		{03AAB0DD-0A7D-4BD2-93AB-A4F513A3F562}.Release|iPhoneSimulator.Build.0 = Release|Any CPU
		{03AAB0DD-0A7D-4BD2-93AB-A4F513A3F562}.Release|x64.ActiveCfg = Release|Any CPU
		{03AAB0DD-0A7D-4BD2-93AB-A4F513A3F562}.Release|x64.Build.0 = Release|Any CPU
		{03AAB0DD-0A7D-4BD2-93AB-A4F513A3F562}.Release|x86.ActiveCfg = Release|Any CPU
		{03AAB0DD-0A7D-4BD2-93AB-A4F513A3F562}.Release|x86.Build.0 = Release|Any CPU
	EndGlobalSection
	GlobalSection(SolutionProperties) = preSolution
		HideSolutionNode = FALSE
	EndGlobalSection
	GlobalSection(ExtensibilityGlobals) = postSolution
		SolutionGuid = {B1E13C95-9150-45B6-972D-784301A74C37}
	EndGlobalSection
EndGlobal
